
Microsoft Visual Studio Solution File, Format Version 12.00
# Visual Studio Version 17
VisualStudioVersion = 17.5.002.0
MinimumVisualStudioVersion = 10.0.40219.1
Project("{9A19103F-16F7-4668-BE54-9A1E7A4F7556}") = "MyCharacter.Tests", "test\MyCharacter.Tests.csproj", "{881D61F0-1A84-49A2-8864-67D9595BF229}"
EndProject
Project("{9A19103F-16F7-4668-BE54-9A1E7A4F7556}") = "MyCharacter", "src\MyCharacter.csproj", "{73AE84E2-AAC2-4510-AE61-6D8FCBD35DA7}"
EndProject
Global
	GlobalSection(SolutionConfigurationPlatforms) = preSolution
		Debug|Any CPU = Debug|Any CPU
		Release|Any CPU = Release|Any CPU
	EndGlobalSection
	GlobalSection(ProjectConfigurationPlatforms) = postSolution
		{881D61F0-1A84-49A2-8864-67D9595BF229}.Debug|Any CPU.ActiveCfg = Debug|Any CPU
		{881D61F0-1A84-49A2-8864-67D9595BF229}.Debug|Any CPU.Build.0 = Debug|Any CPU
		{881D61F0-1A84-49A2-8864-67D9595BF229}.Release|Any CPU.ActiveCfg = Release|Any CPU
		{881D61F0-1A84-49A2-8864-67D9595BF229}.Release|Any CPU.Build.0 = Release|Any CPU
		{73AE84E2-AAC2-4510-AE61-6D8FCBD35DA7}.Debug|Any CPU.ActiveCfg = Debug|Any CPU
		{73AE84E2-AAC2-4510-AE61-6D8FCBD35DA7}.Debug|Any CPU.Build.0 = Debug|Any CPU
		{73AE84E2-AAC2-4510-AE61-6D8FCBD35DA7}.Release|Any CPU.ActiveCfg = Release|Any CPU
		{73AE84E2-AAC2-4510-AE61-6D8FCBD35DA7}.Release|Any CPU.Build.0 = Release|Any CPU
	EndGlobalSection
	GlobalSection(SolutionProperties) = preSolution
		HideSolutionNode = FALSE
	EndGlobalSection
	GlobalSection(ExtensibilityGlobals) = postSolution
		SolutionGuid = {7F58A5C2-69CB-431E-9B5F-B980569F5F2B}
	EndGlobalSection
EndGlobal
